{
  "name": "workspace-vc",
  "version": "1.0.0",
  "lockfileVersion": 2,
  "requires": true,
  "packages": {
    "": {
      "name": "workspace-vc",
      "version": "1.0.0",
      "license": "ISC",
      "workspaces": [
        "packages/front-end",
        "packages/back-end",
        "packages/commons"
      ]
    },
    "node_modules/back-end": {
      "resolved": "packages/back-end",
      "link": true
    },
    "node_modules/commons": {
      "resolved": "packages/commons",
      "link": true
    },
    "node_modules/front-end": {
      "resolved": "packages/front-end",
      "link": true
    },
    "packages/back-end": {
      "version": "1.0.0",
      "license": "ISC"
    },
    "packages/commons": {
      "version": "1.0.0",
      "license": "ISC"
    },
    "packages/front-end": {
      "version": "1.0.0",
      "license": "ISC"
    }
  },
  "dependencies": {
    "back-end": {
      "version": "file:packages/back-end"
    },
    "commons": {
      "version": "file:packages/commons"
    },
    "front-end": {
      "version": "file:packages/front-end"
    }
  }
}
